
Microsoft Visual Studio Solution File, Format Version 12.00
# Visual Studio Version 17
VisualStudioVersion = 17.8.34309.116
MinimumVisualStudioVersion = 10.0.40219.1
Project("{FAE04EC0-301F-11D3-BF4B-00C04F79EFBC}") = "ConsoleApp18", "ConsoleApp18\ConsoleApp18.csproj", "{F87FE847-5D8F-4786-BE3E-D43B4D06D9F9}"
EndProject
Global
	GlobalSection(SolutionConfigurationPlatforms) = preSolution
		Debug|Any CPU = Debug|Any CPU
		Release|Any CPU = Release|Any CPU
	EndGlobalSection
	GlobalSection(ProjectConfigurationPlatforms) = postSolution
		{F87FE847-5D8F-4786-BE3E-D43B4D06D9F9}.Debug|Any CPU.ActiveCfg = Debug|Any CPU
		{F87FE847-5D8F-4786-BE3E-D43B4D06D9F9}.Debug|Any CPU.Build.0 = Debug|Any CPU
		{F87FE847-5D8F-4786-BE3E-D43B4D06D9F9}.Release|Any CPU.ActiveCfg = Release|Any CPU
		{F87FE847-5D8F-4786-BE3E-D43B4D06D9F9}.Release|Any CPU.Build.0 = Release|Any CPU
	EndGlobalSection
	GlobalSection(SolutionProperties) = preSolution
		HideSolutionNode = FALSE
	EndGlobalSection
	GlobalSection(ExtensibilityGlobals) = postSolution
		SolutionGuid = {34D809DF-B0BC-44D7-925C-C879E7D2024E}
	EndGlobalSection
EndGlobal
